
Microsoft Visual Studio Solution File, Format Version 12.00
# Visual Studio Version 16
VisualStudioVersion = 16.0.33328.57
MinimumVisualStudioVersion = 10.0.40219.1
Project("{FAE04EC0-301F-11D3-BF4B-00C04F79EFBC}") = "wikiPrototype", "wikiPrototype.csproj", "{35C71229-ED00-4D3A-AD2F-5CB588508787}"
EndProject
Global
	GlobalSection(SolutionConfigurationPlatforms) = preSolution
		Debug|Any CPU = Debug|Any CPU
		Release|Any CPU = Release|Any CPU
	EndGlobalSection
	GlobalSection(ProjectConfigurationPlatforms) = postSolution
		{35C71229-ED00-4D3A-AD2F-5CB588508787}.Debug|Any CPU.ActiveCfg = Debug|Any CPU
		{35C71229-ED00-4D3A-AD2F-5CB588508787}.Debug|Any CPU.Build.0 = Debug|Any CPU
		{35C71229-ED00-4D3A-AD2F-5CB588508787}.Release|Any CPU.ActiveCfg = Release|Any CPU
		{35C71229-ED00-4D3A-AD2F-5CB588508787}.Release|Any CPU.Build.0 = Release|Any CPU
	EndGlobalSection
	GlobalSection(SolutionProperties) = preSolution
		HideSolutionNode = FALSE
	EndGlobalSection
	GlobalSection(ExtensibilityGlobals) = postSolution
		SolutionGuid = {5A428416-65AB-4A9B-AA3B-4DA8F136F506}
	EndGlobalSection
EndGlobal
